<Solution>
  <Folder Name="/src/">
    <Project Path="src/Alfred.App/Alfred.App.csproj" />
    <Project Path="src/Alfred.Core/Alfred.Core.csproj" />
    <Project Path="src/Alfred.Theme/Alfred.Theme.csproj" />
    <Project Path="src/Alfred.UIKit/Alfred.UIKit.csproj" />
    <Project Path="src/Alfred.Widgets/Alfred.Widgets.csproj" />
  </Folder>
  <Folder Name="/tests/">
    <Project Path="tests/Alfred.Core.Tests/Alfred.Core.Tests.csproj" />
    <Project Path="tests/Alfred.Theme.Tests/Alfred.Theme.Tests.csproj" />
  </Folder>
</Solution>
